
Microsoft Visual Studio Solution File, Format Version 12.00
# Visual Studio 2012
Project("{FAE04EC0-301F-11D3-BF4B-00C04F79EFBC}") = "PlzTime", "PlzTime\PlzTime.csproj", "{75E633DA-C14D-4B78-95BA-8E6D057406DB}"
EndProject
Global
	GlobalSection(SolutionConfigurationPlatforms) = preSolution
		Debug|iPhoneSimulator = Debug|iPhoneSimulator
		Release|iPhone = Release|iPhone
		Release|iPhoneSimulator = Release|iPhoneSimulator
		Debug|iPhone = Debug|iPhone
	EndGlobalSection
	GlobalSection(ProjectConfigurationPlatforms) = postSolution
		{75E633DA-C14D-4B78-95BA-8E6D057406DB}.Debug|iPhoneSimulator.ActiveCfg = Debug|iPhoneSimulator
		{75E633DA-C14D-4B78-95BA-8E6D057406DB}.Debug|iPhoneSimulator.Build.0 = Debug|iPhoneSimulator
		{75E633DA-C14D-4B78-95BA-8E6D057406DB}.Release|iPhone.ActiveCfg = Release|iPhone
		{75E633DA-C14D-4B78-95BA-8E6D057406DB}.Release|iPhone.Build.0 = Release|iPhone
		{75E633DA-C14D-4B78-95BA-8E6D057406DB}.Release|iPhoneSimulator.ActiveCfg = Release|iPhoneSimulator
		{75E633DA-C14D-4B78-95BA-8E6D057406DB}.Release|iPhoneSimulator.Build.0 = Release|iPhoneSimulator
		{75E633DA-C14D-4B78-95BA-8E6D057406DB}.Debug|iPhone.ActiveCfg = Debug|iPhone
		{75E633DA-C14D-4B78-95BA-8E6D057406DB}.Debug|iPhone.Build.0 = Debug|iPhone
	EndGlobalSection
	GlobalSection(MonoDevelopProperties) = preSolution
		Policies = $0
		$0.DotNetNamingPolicy = $1
		$1.DirectoryNamespaceAssociation = None
		$1.ResourceNamePolicy = FileFormatDefault
		$0.TextStylePolicy = $2
		$2.inheritsSet = null
		$2.scope = application/vnd.apple-xcode-storyboard
		$2.FileWidth = 120
		$2.TabsToSpaces = False
		$2.inheritsScope = text/plain
		$0.XmlFormattingPolicy = $3
		$3.inheritsSet = null
		$3.scope = application/vnd.apple-xcode-storyboard
		$0.VersionControlPolicy = $4
		$4.inheritsSet = Mono
	EndGlobalSection
EndGlobal
